
Microsoft Visual Studio Solution File, Format Version 12.00
# Visual Studio Version 16
VisualStudioVersion = 16.0.31515.178
MinimumVisualStudioVersion = 10.0.40219.1
Project("{FAE04EC0-301F-11D3-BF4B-00C04F79EFBC}") = "SchoolSystem", "SchoolSystem.csproj", "{F70D3B5C-DFB3-4C9E-AC0E-254AAF5CEF97}"
EndProject
Global
	GlobalSection(SolutionConfigurationPlatforms) = preSolution
		Debug|Any CPU = Debug|Any CPU
		Release|Any CPU = Release|Any CPU
	EndGlobalSection
	GlobalSection(ProjectConfigurationPlatforms) = postSolution
		{F70D3B5C-DFB3-4C9E-AC0E-254AAF5CEF97}.Debug|Any CPU.ActiveCfg = Debug|Any CPU
		{F70D3B5C-DFB3-4C9E-AC0E-254AAF5CEF97}.Debug|Any CPU.Build.0 = Debug|Any CPU
		{F70D3B5C-DFB3-4C9E-AC0E-254AAF5CEF97}.Release|Any CPU.ActiveCfg = Release|Any CPU
		{F70D3B5C-DFB3-4C9E-AC0E-254AAF5CEF97}.Release|Any CPU.Build.0 = Release|Any CPU
	EndGlobalSection
	GlobalSection(SolutionProperties) = preSolution
		HideSolutionNode = FALSE
	EndGlobalSection
	GlobalSection(ExtensibilityGlobals) = postSolution
		SolutionGuid = {4A6353FC-5BF2-42B9-B9CD-43E62DDD60A1}
	EndGlobalSection
EndGlobal
